
Microsoft Visual Studio Solution File, Format Version 12.00
# Visual Studio Version 16
VisualStudioVersion = 16.0.28922.388
MinimumVisualStudioVersion = 10.0.40219.1
Project("{FAE04EC0-301F-11D3-BF4B-00C04F79EFBC}") = "RAPS", "RAPS\RAPS.csproj", "{DD30B67C-DC11-4F66-ACE7-0FE722839D5E}"
EndProject
Project("{FAE04EC0-301F-11D3-BF4B-00C04F79EFBC}") = "tFlowObjects", "tFlowObjects\tFlowObjects.csproj", "{523956D4-E700-416D-A5A8-ECE5C451B934}"
EndProject
Global
	GlobalSection(SolutionConfigurationPlatforms) = preSolution
		Debug|Any CPU = Debug|Any CPU
		Release|Any CPU = Release|Any CPU
	EndGlobalSection
	GlobalSection(ProjectConfigurationPlatforms) = postSolution
		{DD30B67C-DC11-4F66-ACE7-0FE722839D5E}.Debug|Any CPU.ActiveCfg = Debug|Any CPU
		{DD30B67C-DC11-4F66-ACE7-0FE722839D5E}.Debug|Any CPU.Build.0 = Debug|Any CPU
		{DD30B67C-DC11-4F66-ACE7-0FE722839D5E}.Release|Any CPU.ActiveCfg = Release|Any CPU
		{DD30B67C-DC11-4F66-ACE7-0FE722839D5E}.Release|Any CPU.Build.0 = Release|Any CPU
		{523956D4-E700-416D-A5A8-ECE5C451B934}.Debug|Any CPU.ActiveCfg = Debug|Any CPU
		{523956D4-E700-416D-A5A8-ECE5C451B934}.Debug|Any CPU.Build.0 = Debug|Any CPU
		{523956D4-E700-416D-A5A8-ECE5C451B934}.Release|Any CPU.ActiveCfg = Release|Any CPU
		{523956D4-E700-416D-A5A8-ECE5C451B934}.Release|Any CPU.Build.0 = Release|Any CPU
	EndGlobalSection
	GlobalSection(SolutionProperties) = preSolution
		HideSolutionNode = FALSE
	EndGlobalSection
	GlobalSection(ExtensibilityGlobals) = postSolution
		SolutionGuid = {56DD0F92-2936-4231-88BA-28BAC55FC2F3}
	EndGlobalSection
EndGlobal
